
Microsoft Visual Studio Solution File, Format Version 12.00
Project("{FAE04EC0-301F-11D3-BF4B-00C04F79EFBC}") = "CourseLibrary.API", "CourseLibrary.API\CourseLibrary.API.csproj", "{CEBD57D6-D906-490E-8FEE-39DFA3212698}"
EndProject
Global
	GlobalSection(SolutionConfigurationPlatforms) = preSolution
		Debug|Any CPU = Debug|Any CPU
		Release|Any CPU = Release|Any CPU
	EndGlobalSection
	GlobalSection(ProjectConfigurationPlatforms) = postSolution
		{CEBD57D6-D906-490E-8FEE-39DFA3212698}.Debug|Any CPU.ActiveCfg = Debug|Any CPU
		{CEBD57D6-D906-490E-8FEE-39DFA3212698}.Debug|Any CPU.Build.0 = Debug|Any CPU
		{CEBD57D6-D906-490E-8FEE-39DFA3212698}.Release|Any CPU.ActiveCfg = Release|Any CPU
		{CEBD57D6-D906-490E-8FEE-39DFA3212698}.Release|Any CPU.Build.0 = Release|Any CPU
	EndGlobalSection
EndGlobal
